// !$*UTF8*$!
{
	archiveVersion = 1;
	classes = {
	};
	objectVersion = 46;
	objects = {

/* Begin PBXBuildFile section */
		4ADFC6401E0BB4690063615F /* AppDelegate.swift in Sources */ = {isa = PBXBuildFile; fileRef = 4ADFC63F1E0BB4690063615F /* AppDelegate.swift */; };
		4ADFC6421E0BB4690063615F /* ViewController.swift in Sources */ = {isa = PBXBuildFile; fileRef = 4ADFC6411E0BB4690063615F /* ViewController.swift */; };
		4ADFC6451E0BB4690063615F /* Main.storyboard in Resources */ = {isa = PBXBuildFile; fileRef = 4ADFC6431E0BB4690063615F /* Main.storyboard */; };
		4ADFC6471E0BB4690063615F /* Assets.xcassets in Resources */ = {isa = PBXBuildFile; fileRef = 4ADFC6461E0BB4690063615F /* Assets.xcassets */; };
		4ADFC64A1E0BB4690063615F /* LaunchScreen.storyboard in Resources */ = {isa = PBXBuildFile; fileRef = 4ADFC6481E0BB4690063615F /* LaunchScreen.storyboard */; };
		4ADFC6551E0BB4690063615F /* TipCalculatorTests.swift in Sources */ = {isa = PBXBuildFile; fileRef = 4ADFC6541E0BB4690063615F /* TipCalculatorTests.swift */; };
/* End PBXBuildFile section */

/* Begin PBXContainerItemProxy section */
		4ADFC6511E0BB4690063615F /* PBXContainerItemProxy */ = {
			isa = PBXContainerItemProxy;
			containerPortal = 4ADFC6341E0BB4680063615F /* Project object */;
			proxyType = 1;
			remoteGlobalIDString = 4ADFC63B1E0BB4680063615F;
			remoteInfo = TipCalculator;
		};
/* End PBXContainerItemProxy section */

/* Begin PBXFileReference section */
		4ADFC63C1E0BB4690063615F /* TipCalculator.app */ = {isa = PBXFileReference; explicitFileType = wrapper.application; includeInIndex = 0; path = TipCalculator.app; sourceTree = BUILT_PRODUCTS_DIR; };
		4ADFC63F1E0BB4690063615F /* AppDelegate.swift */ = {isa = PBXFileReference; lastKnownFileType = sourcecode.swift; path = AppDelegate.swift; sourceTree = "<group>"; };
		4ADFC6411E0BB4690063615F /* ViewController.swift */ = {isa = PBXFileReference; lastKnownFileType = sourcecode.swift; path = ViewController.swift; sourceTree = "<group>"; };
		4ADFC6441E0BB4690063615F /* Base */ = {isa = PBXFileReference; lastKnownFileType = file.storyboard; name = Base; path = Base.lproj/Main.storyboard; sourceTree = "<group>"; };
		4ADFC6461E0BB4690063615F /* Assets.xcassets */ = {isa = PBXFileReference; lastKnownFileType = folder.assetcatalog; path = Assets.xcassets; sourceTree = "<group>"; };
		4ADFC6491E0BB4690063615F /* Base */ = {isa = PBXFileReference; lastKnownFileType = file.storyboard; name = Base; path = Base.lproj/LaunchScreen.storyboard; sourceTree = "<group>"; };
		4ADFC64B1E0BB4690063615F /* Info.plist */ = {isa = PBXFileReference; lastKnownFileType = text.plist.xml; path = Info.plist; sourceTree = "<group>"; };
		4ADFC6501E0BB4690063615F /* TipCalculatorTests.xctest */ = {isa = PBXFileReference; explicitFileType = wrapper.cfbundle; includeInIndex = 0; path = TipCalculatorTests.xctest; sourceTree = BUILT_PRODUCTS_DIR; };
		4ADFC6541E0BB4690063615F /* TipCalculatorTests.swift */ = {isa = PBXFileReference; lastKnownFileType = sourcecode.swift; path = TipCalculatorTests.swift; sourceTree = "<group>"; };
		4ADFC6561E0BB4690063615F /* Info.plist */ = {isa = PBXFileReference; lastKnownFileType = text.plist.xml; path = Info.plist; sourceTree = "<group>"; };
/* End PBXFileReference section */

/* Begin PBXFrameworksBuildPhase section */
		4ADFC6391E0BB4680063615F /* Frameworks */ = {
			isa = PBXFrameworksBuildPhase;
			buildActionMask = 2147483647;
			files = (
			);
			runOnlyForDeploymentPostprocessing = 0;
		};
		4ADFC64D1E0BB4690063615F /* Frameworks */ = {
			isa = PBXFrameworksBuildPhase;
			buildActionMask = 2147483647;
			files = (
			);
			runOnlyForDeploymentPostprocessing = 0;
		};
/* End PBXFrameworksBuildPhase section */

/* Begin PBXGroup section */
		4ADFC6331E0BB4680063615F = {
			isa = PBXGroup;
			children = (
				4ADFC63E1E0BB4690063615F /* TipCalculator */,
				4ADFC6531E0BB4690063615F /* TipCalculatorTests */,
				4ADFC63D1E0BB4690063615F /* Products */,
			);
			sourceTree = "<group>";
		};
		4ADFC63D1E0BB4690063615F /* Products */ = {
			isa = PBXGroup;
			children = (
				4ADFC63C1E0BB4690063615F /* TipCalculator.app */,
				4ADFC6501E0BB4690063615F /* TipCalculatorTests.xctest */,
			);
			name = Products;
			sourceTree = "<group>";
		};
		4ADFC63E1E0BB4690063615F /* TipCalculator */ = {
			isa = PBXGroup;
			children = (
				4ADFC63F1E0BB4690063615F /* AppDelegate.swift */,
				4ADFC6411E0BB4690063615F /* ViewController.swift */,
				4ADFC6431E0BB4690063615F /* Main.storyboard */,
				4ADFC6461E0BB4690063615F /* Assets.xcassets */,
				4ADFC6481E0BB4690063615F /* LaunchScreen.storyboard */,
				4ADFC64B1E0BB4690063615F /* Info.plist */,
			);
			path = TipCalculator;
			sourceTree = "<group>";
		};
		4ADFC6531E0BB4690063615F /* TipCalculatorTests */ = {
			isa = PBXGroup;
			children = (
				4ADFC6541E0BB4690063615F /* TipCalculatorTests.swift */,
				4ADFC6561E0BB4690063615F /* Info.plist */,
			);
			path = TipCalculatorTests;
			sourceTree = "<group>";
		};
/* End PBXGroup section */

/* Begin PBXNativeTarget section */
		4ADFC63B1E0BB4680063615F /* TipCalculator */ = {
			isa = PBXNativeTarget;
			buildConfigurationList = 4ADFC6591E0BB4690063615F /* Build configuration list for PBXNativeTarget "TipCalculator" */;
			buildPhases = (
				4ADFC6381E0BB4680063615F /* Sources */,
				4ADFC6391E0BB4680063615F /* Frameworks */,
				4ADFC63A1E0BB4680063615F /* Resources */,
			);
			buildRules = (
			);
			dependencies = (
			);
			name = TipCalculator;
			productName = TipCalculator;
			productReference = 4ADFC63C1E0BB4690063615F /* TipCalculator.app */;
			productType = "com.apple.product-type.application";
		};
		4ADFC64F1E0BB4690063615F /* TipCalculatorTests */ = {
			isa = PBXNativeTarget;
			buildConfigurationList = 4ADFC65C1E0BB4690063615F /* Build configuration list for PBXNativeTarget "TipCalculatorTests" */;
			buildPhases = (
				4ADFC64C1E0BB4690063615F /* Sources */,
				4ADFC64D1E0BB4690063615F /* Frameworks */,
				4ADFC64E1E0BB4690063615F /* Resources */,
			);
			buildRules = (
			);
			dependencies = (
				4ADFC6521E0BB4690063615F /* PBXTargetDependency */,
			);
			name = TipCalculatorTests;
			productName = TipCalculatorTests;
			productReference = 4ADFC6501E0BB4690063615F /* TipCalculatorTests.xctest */;
			productType = "com.apple.product-type.bundle.unit-test";
		};
/* End PBXNativeTarget section */

/* Begin PBXProject section */
		4ADFC6341E0BB4680063615F /* Project object */ = {
			isa = PBXProject;
			attributes = {
				LastSwiftUpdateCheck = 0820;
				LastUpgradeCheck = 0820;
				ORGANIZATIONNAME = "Tom Patterson";
				TargetAttributes = {
					4ADFC63B1E0BB4680063615F = {
						CreatedOnToolsVersion = 8.2.1;
						ProvisioningStyle = Automatic;
					};
					4ADFC64F1E0BB4690063615F = {
						CreatedOnToolsVersion = 8.2.1;
						ProvisioningStyle = Automatic;
						TestTargetID = 4ADFC63B1E0BB4680063615F;
					};
				};
			};
			buildConfigurationList = 4ADFC6371E0BB4680063615F /* Build configuration list for PBXProject "TipCalculator" */;
			compatibilityVersion = "Xcode 3.2";
			developmentRegion = English;
			hasScannedForEncodings = 0;
			knownRegions = (
				en,
				Base,
			);
			mainGroup = 4ADFC6331E0BB4680063615F;
			productRefGroup = 4ADFC63D1E0BB4690063615F /* Products */;
			projectDirPath = "";
			projectRoot = "";
			targets = (
				4ADFC63B1E0BB4680063615F /* TipCalculator */,
				4ADFC64F1E0BB4690063615F /* TipCalculatorTests */,
			);
		};
/* End PBXProject section */

/* Begin PBXResourcesBuildPhase section */
		4ADFC63A1E0BB4680063615F /* Resources */ = {
			isa = PBXResourcesBuildPhase;
			buildActionMask = 2147483647;
			files = (
				4ADFC64A1E0BB4690063615F /* LaunchScreen.storyboard in Resources */,
				4ADFC6471E0BB4690063615F /* Assets.xcassets in Resources */,
				4ADFC6451E0BB4690063615F /* Main.storyboard in Resources */,
			);
			runOnlyForDeploymentPostprocessing = 0;
		};
		4ADFC64E1E0BB4690063615F /* Resources */ = {
			isa = PBXResourcesBuildPhase;
			buildActionMask = 2147483647;
			files = (
			);
			runOnlyForDeploymentPostprocessing = 0;
		};
/* End PBXResourcesBuildPhase section */

/* Begin PBXSourcesBuildPhase section */
		4ADFC6381E0BB4680063615F /* Sources */ = {
			isa = PBXSourcesBuildPhase;
			buildActionMask = 2147483647;
			files = (
				4ADFC6421E0BB4690063615F /* ViewController.swift in Sources */,
				4ADFC6401E0BB4690063615F /* AppDelegate.swift in Sources */,
			);
			runOnlyForDeploymentPostprocessing = 0;
		};
		4ADFC64C1E0BB4690063615F /* Sources */ = {
			isa = PBXSourcesBuildPhase;
			buildActionMask = 2147483647;
			files = (
				4ADFC6551E0BB4690063615F /* TipCalculatorTests.swift in Sources */,
			);
			runOnlyForDeploymentPostprocessing = 0;
		};
/* End PBXSourcesBuildPhase section */

/* Begin PBXTargetDependency section */
		4ADFC6521E0BB4690063615F /* PBXTargetDependency */ = {
			isa = PBXTargetDependency;
			target = 4ADFC63B1E0BB4680063615F /* TipCalculator */;
			targetProxy = 4ADFC6511E0BB4690063615F /* PBXContainerItemProxy */;
		};
/* End PBXTargetDependency section */

/* Begin PBXVariantGroup section */
		4ADFC6431E0BB4690063615F /* Main.storyboard */ = {
			isa = PBXVariantGroup;
			children = (
				4ADFC6441E0BB4690063615F /* Base */,
			);
			name = Main.storyboard;
			sourceTree = "<group>";
		};
		4ADFC6481E0BB4690063615F /* LaunchScreen.storyboard */ = {
			isa = PBXVariantGroup;
			children = (
				4ADFC6491E0BB4690063615F /* Base */,
			);
			name = LaunchScreen.storyboard;
			sourceTree = "<group>";
		};
/* End PBXVariantGroup section */

/* Begin XCBuildConfiguration section */
		4ADFC6571E0BB4690063615F /* Debug */ = {
			isa = XCBuildConfiguration;
			buildSettings = {
				ALWAYS_SEARCH_USER_PATHS = NO;
				CLANG_ANALYZER_NONNULL = YES;
				CLANG_CXX_LANGUAGE_STANDARD = "gnu++0x";
				CLANG_CXX_LIBRARY = "libc++";
				CLANG_ENABLE_MODULES = YES;
				CLANG_ENABLE_OBJC_ARC = YES;
				CLANG_WARN_BOOL_CONVERSION = YES;
				CLANG_WARN_CONSTANT_CONVERSION = YES;
				CLANG_WARN_DIRECT_OBJC_ISA_USAGE = YES_ERROR;
				CLANG_WARN_DOCUMENTATION_COMMENTS = YES;
				CLANG_WARN_EMPTY_BODY = YES;
				CLANG_WARN_ENUM_CONVERSION = YES;
				CLANG_WARN_INFINITE_RECURSION = YES;
				CLANG_WARN_INT_CONVERSION = YES;
				CLANG_WARN_OBJC_ROOT_CLASS = YES_ERROR;
				CLANG_WARN_SUSPICIOUS_MOVE = YES;
				CLANG_WARN_UNREACHABLE_CODE = YES;
				CLANG_WARN__DUPLICATE_METHOD_MATCH = YES;
				"CODE_SIGN_IDENTITY[sdk=iphoneos*]" = "iPhone Developer";
				COPY_PHASE_STRIP = NO;
				DEBUG_INFORMATION_FORMAT = dwarf;
				ENABLE_STRICT_OBJC_MSGSEND = YES;
				ENABLE_TESTABILITY = YES;
				GCC_C_LANGUAGE_STANDARD = gnu99;
				GCC_DYNAMIC_NO_PIC = NO;
				GCC_NO_COMMON_BLOCKS = YES;
				GCC_OPTIMIZATION_LEVEL = 0;
				GCC_PREPROCESSOR_DEFINITIONS = (
					"DEBUG=1",
					"$(inherited)",
				);
				GCC_WARN_64_TO_32_BIT_CONVERSION = YES;
				GCC_WARN_ABOUT_RETURN_TYPE = YES_ERROR;
				GCC_WARN_UNDECLARED_SELECTOR = YES;
				GCC_WARN_UNINITIALIZED_AUTOS = YES_AGGRESSIVE;
				GCC_WARN_UNUSED_FUNCTION = YES;
				GCC_WARN_UNUSED_VARIABLE = YES;
				IPHONEOS_DEPLOYMENT_TARGET = 10.2;
				MTL_ENABLE_DEBUG_INFO = YES;
				ONLY_ACTIVE_ARCH = YES;
				SDKROOT = iphoneos;
				SWIFT_ACTIVE_COMPILATION_CONDITIONS = DEBUG;
				SWIFT_OPTIMIZATION_LEVEL = "-Onone";
				TARGETED_DEVICE_FAMILY = "1,2";
			};
			name = Debug;
		};
		4ADFC6581E0BB4690063615F /* Release */ = {
			isa = XCBuildConfiguration;
			buildSettings = {
				ALWAYS_SEARCH_USER_PATHS = NO;
				CLANG_ANALYZER_NONNULL = YES;
				CLANG_CXX_LANGUAGE_STANDARD = "gnu++0x";
				CLANG_CXX_LIBRARY = "libc++";
				CLANG_ENABLE_MODULES = YES;
				CLANG_ENABLE_OBJC_ARC = YES;
				CLANG_WARN_BOOL_CONVERSION = YES;
				CLANG_WARN_CONSTANT_CONVERSION = YES;
				CLANG_WARN_DIRECT_OBJC_ISA_USAGE = YES_ERROR;
				CLANG_WARN_DOCUMENTATION_COMMENTS = YES;
				CLANG_WARN_EMPTY_BODY = YES;
				CLANG_WARN_ENUM_CONVERSION = YES;
				CLANG_WARN_INFINITE_RECURSION = YES;
				CLANG_WARN_INT_CONVERSION = YES;
				CLANG_WARN_OBJC_ROOT_CLASS = YES_ERROR;
				CLANG_WARN_SUSPICIOUS_MOVE = YES;
				CLANG_WARN_UNREACHABLE_CODE = YES;
				CLANG_WARN__DUPLICATE_METHOD_MATCH = YES;
				"CODE_SIGN_IDENTITY[sdk=iphoneos*]" = "iPhone Developer";
				COPY_PHASE_STRIP = NO;
				DEBUG_INFORMATION_FORMAT = "dwarf-with-dsym";
				ENABLE_NS_ASSERTIONS = NO;
				ENABLE_STRICT_OBJC_MSGSEND = YES;
				GCC_C_LANGUAGE_STANDARD = gnu99;
				GCC_NO_COMMON_BLOCKS = YES;
				GCC_WARN_64_TO_32_BIT_CONVERSION = YES;
				GCC_WARN_ABOUT_RETURN_TYPE = YES_ERROR;
				GCC_WARN_UNDECLARED_SELECTOR = YES;
				GCC_WARN_UNINITIALIZED_AUTOS = YES_AGGRESSIVE;
				GCC_WARN_UNUSED_FUNCTION = YES;
				GCC_WARN_UNUSED_VARIABLE = YES;
				IPHONEOS_DEPLOYMENT_TARGET = 10.2;
				MTL_ENABLE_DEBUG_INFO = NO;
				SDKROOT = iphoneos;
				SWIFT_OPTIMIZATION_LEVEL = "-Owholemodule";
				TARGETED_DEVICE_FAMILY = "1,2";
				VALIDATE_PRODUCT = YES;
			};
			name = Release;
		};
		4ADFC65A1E0BB4690063615F /* Debug */ = {
			isa = XCBuildConfiguration;
			buildSettings = {
				ASSETCATALOG_COMPILER_APPICON_NAME = AppIcon;
				INFOPLIST_FILE = TipCalculator/Info.plist;
				LD_RUNPATH_SEARCH_PATHS = "$(inherited) @executable_path/Frameworks";
				PRODUCT_BUNDLE_IDENTIFIER = com.wedgwoodtom.TipCalculator;
				PRODUCT_NAME = "$(TARGET_NAME)";
				SWIFT_VERSION = 3.0;
			};
			name = Debug;
		};
		4ADFC65B1E0BB4690063615F /* Release */ = {
			isa = XCBuildConfiguration;
			buildSettings = {
				ASSETCATALOG_COMPILER_APPICON_NAME = AppIcon;
				INFOPLIST_FILE = TipCalculator/Info.plist;
				LD_RUNPATH_SEARCH_PATHS = "$(inherited) @executable_path/Frameworks";
				PRODUCT_BUNDLE_IDENTIFIER = com.wedgwoodtom.TipCalculator;
				PRODUCT_NAME = "$(TARGET_NAME)";
				SWIFT_VERSION = 3.0;
			};
			name = Release;
		};
		4ADFC65D1E0BB4690063615F /* Debug */ = {
			isa = XCBuildConfiguration;
			buildSettings = {
				ALWAYS_EMBED_SWIFT_STANDARD_LIBRARIES = YES;
				BUNDLE_LOADER = "$(TEST_HOST)";
				INFOPLIST_FILE = TipCalculatorTests/Info.plist;
				LD_RUNPATH_SEARCH_PATHS = "$(inherited) @executable_path/Frameworks @loader_path/Frameworks";
				PRODUCT_BUNDLE_IDENTIFIER = com.wedgwoodtom.TipCalculatorTests;
				PRODUCT_NAME = "$(TARGET_NAME)";
				SWIFT_VERSION = 3.0;
				TEST_HOST = "$(BUILT_PRODUCTS_DIR)/TipCalculator.app/TipCalculator";
			};
			name = Debug;
		};
		4ADFC65E1E0BB4690063615F /* Release */ = {
			isa = XCBuildConfiguration;
			buildSettings = {
				ALWAYS_EMBED_SWIFT_STANDARD_LIBRARIES = YES;
				BUNDLE_LOADER = "$(TEST_HOST)";
				INFOPLIST_FILE = TipCalculatorTests/Info.plist;
				LD_RUNPATH_SEARCH_PATHS = "$(inherited) @executable_path/Frameworks @loader_path/Frameworks";
				PRODUCT_BUNDLE_IDENTIFIER = com.wedgwoodtom.TipCalculatorTests;
				PRODUCT_NAME = "$(TARGET_NAME)";
				SWIFT_VERSION = 3.0;
				TEST_HOST = "$(BUILT_PRODUCTS_DIR)/TipCalculator.app/TipCalculator";
			};
			name = Release;
		};
/* End XCBuildConfiguration section */

/* Begin XCConfigurationList section */
		4ADFC6371E0BB4680063615F /* Build configuration list for PBXProject "TipCalculator" */ = {
			isa = XCConfigurationList;
			buildConfigurations = (
				4ADFC6571E0BB4690063615F /* Debug */,
				4ADFC6581E0BB4690063615F /* Release */,
			);
			defaultConfigurationIsVisible = 0;
			defaultConfigurationName = Release;
		};
		4ADFC6591E0BB4690063615F /* Build configuration list for PBXNativeTarget "TipCalculator" */ = {
			isa = XCConfigurationList;
			buildConfigurations = (
				4ADFC65A1E0BB4690063615F /* Debug */,
				4ADFC65B1E0BB4690063615F /* Release */,
			);
			defaultConfigurationIsVisible = 0;
		};
		4ADFC65C1E0BB4690063615F /* Build configuration list for PBXNativeTarget "TipCalculatorTests" */ = {
			isa = XCConfigurationList;
			buildConfigurations = (
				4ADFC65D1E0BB4690063615F /* Debug */,
				4ADFC65E1E0BB4690063615F /* Release */,
			);
			defaultConfigurationIsVisible = 0;
		};
/* End XCConfigurationList section */
	};
	rootObject = 4ADFC6341E0BB4680063615F /* Project object */;
}
